
Microsoft Visual Studio Solution File, Format Version 12.00
# Visual Studio 15
VisualStudioVersion = 15.0.28307.1209
MinimumVisualStudioVersion = 10.0.40219.1
Project("{262852C6-CD72-467D-83FE-5EEB1973A190}") = "RecipeHero", "RecipeHero\RecipeHero.jsproj", "{45287ECD-778D-4777-8B84-507B81BBDCCE}"
EndProject
Global
	GlobalSection(SolutionConfigurationPlatforms) = preSolution
		Debug|Android = Debug|Android
		Debug|iOS = Debug|iOS
		Debug|Windows-ARM = Debug|Windows-ARM
		Debug|Windows-x64 = Debug|Windows-x64
		Debug|Windows-x86 = Debug|Windows-x86
		Release|Android = Release|Android
		Release|iOS = Release|iOS
		Release|Windows-ARM = Release|Windows-ARM
		Release|Windows-x64 = Release|Windows-x64
		Release|Windows-x86 = Release|Windows-x86
	EndGlobalSection
	GlobalSection(ProjectConfigurationPlatforms) = postSolution
		{45287ECD-778D-4777-8B84-507B81BBDCCE}.Debug|Android.ActiveCfg = Debug|Android
		{45287ECD-778D-4777-8B84-507B81BBDCCE}.Debug|Android.Build.0 = Debug|Android
		{45287ECD-778D-4777-8B84-507B81BBDCCE}.Debug|Android.Deploy.0 = Debug|Android
		{45287ECD-778D-4777-8B84-507B81BBDCCE}.Debug|iOS.ActiveCfg = Debug|iOS
		{45287ECD-778D-4777-8B84-507B81BBDCCE}.Debug|iOS.Build.0 = Debug|iOS
		{45287ECD-778D-4777-8B84-507B81BBDCCE}.Debug|iOS.Deploy.0 = Debug|iOS
		{45287ECD-778D-4777-8B84-507B81BBDCCE}.Debug|Windows-ARM.ActiveCfg = Debug|Windows-ARM
		{45287ECD-778D-4777-8B84-507B81BBDCCE}.Debug|Windows-ARM.Build.0 = Debug|Windows-ARM
		{45287ECD-778D-4777-8B84-507B81BBDCCE}.Debug|Windows-ARM.Deploy.0 = Debug|Windows-ARM
		{45287ECD-778D-4777-8B84-507B81BBDCCE}.Debug|Windows-x64.ActiveCfg = Debug|Windows-x64
		{45287ECD-778D-4777-8B84-507B81BBDCCE}.Debug|Windows-x64.Build.0 = Debug|Windows-x64
		{45287ECD-778D-4777-8B84-507B81BBDCCE}.Debug|Windows-x64.Deploy.0 = Debug|Windows-x64
		{45287ECD-778D-4777-8B84-507B81BBDCCE}.Debug|Windows-x86.ActiveCfg = Debug|Windows-x86
		{45287ECD-778D-4777-8B84-507B81BBDCCE}.Debug|Windows-x86.Build.0 = Debug|Windows-x86
		{45287ECD-778D-4777-8B84-507B81BBDCCE}.Debug|Windows-x86.Deploy.0 = Debug|Windows-x86
		{45287ECD-778D-4777-8B84-507B81BBDCCE}.Release|Android.ActiveCfg = Release|Android
		{45287ECD-778D-4777-8B84-507B81BBDCCE}.Release|Android.Build.0 = Release|Android
		{45287ECD-778D-4777-8B84-507B81BBDCCE}.Release|Android.Deploy.0 = Release|Android
		{45287ECD-778D-4777-8B84-507B81BBDCCE}.Release|iOS.ActiveCfg = Release|iOS
		{45287ECD-778D-4777-8B84-507B81BBDCCE}.Release|iOS.Build.0 = Release|iOS
		{45287ECD-778D-4777-8B84-507B81BBDCCE}.Release|iOS.Deploy.0 = Release|iOS
		{45287ECD-778D-4777-8B84-507B81BBDCCE}.Release|Windows-ARM.ActiveCfg = Release|Windows-ARM
		{45287ECD-778D-4777-8B84-507B81BBDCCE}.Release|Windows-ARM.Build.0 = Release|Windows-ARM
		{45287ECD-778D-4777-8B84-507B81BBDCCE}.Release|Windows-ARM.Deploy.0 = Release|Windows-ARM
		{45287ECD-778D-4777-8B84-507B81BBDCCE}.Release|Windows-x64.ActiveCfg = Release|Windows-x64
		{45287ECD-778D-4777-8B84-507B81BBDCCE}.Release|Windows-x64.Build.0 = Release|Windows-x64
		{45287ECD-778D-4777-8B84-507B81BBDCCE}.Release|Windows-x64.Deploy.0 = Release|Windows-x64
		{45287ECD-778D-4777-8B84-507B81BBDCCE}.Release|Windows-x86.ActiveCfg = Release|Windows-x86
		{45287ECD-778D-4777-8B84-507B81BBDCCE}.Release|Windows-x86.Build.0 = Release|Windows-x86
		{45287ECD-778D-4777-8B84-507B81BBDCCE}.Release|Windows-x86.Deploy.0 = Release|Windows-x86
	EndGlobalSection
	GlobalSection(SolutionProperties) = preSolution
		HideSolutionNode = FALSE
	EndGlobalSection
	GlobalSection(ExtensibilityGlobals) = postSolution
		SolutionGuid = {249A78B7-F2CE-4D9D-8460-0EB169EBEAFC}
	EndGlobalSection
EndGlobal
